
Microsoft Visual Studio Solution File, Format Version 12.00
# Visual Studio 14
VisualStudioVersion = 14.0.25420.1
MinimumVisualStudioVersion = 10.0.40219.1
Project("{2150E333-8FDC-42A3-9474-1A3956D46DE8}") = "CodeGenerator", "CodeGenerator", "{DFC67C57-9546-4407-882C-3F90BEE8A161}"
	ProjectSection(SolutionItems) = preProject
		HTMLPage1.html = HTMLPage1.html
	EndProjectSection
EndProject
Project("{F184B08F-C81C-45F6-A57F-5ABD9991F28F}") = "DBCodeGenerator", "DBCodeGenerator\DBCodeGenerator.vbproj", "{7ED54A54-381B-460C-8EE5-0D3B9A1030BA}"
EndProject
Project("{F184B08F-C81C-45F6-A57F-5ABD9991F28F}") = "DBExtenderLib", "DBExtenderLib\DBExtenderLib.vbproj", "{85128DA1-B67C-428F-A3C0-6C17D3CF65F5}"
EndProject
Project("{2150E333-8FDC-42A3-9474-1A3956D46DE8}") = "ManagLinqFile", "ManagLinqFile", "{E4EF3B9A-1DF2-484B-BB89-B27CF93707FD}"
EndProject
Project("{F184B08F-C81C-45F6-A57F-5ABD9991F28F}") = "ManagLinqFile", "ManagLinqFile\ManagLinqFile.vbproj", "{04774724-6A42-46C8-A633-24E8EF371D3D}"
EndProject
Project("{2150E333-8FDC-42A3-9474-1A3956D46DE8}") = "MSAccessManager", "MSAccessManager", "{1FE6A12D-F28E-4DFB-A327-491C0F21C8C8}"
EndProject
Project("{F184B08F-C81C-45F6-A57F-5ABD9991F28F}") = "MSAccessManager", "MSAccessManager\MSAccessManager.vbproj", "{E9FB3787-6BFB-4545-90F7-9FD35BC0C768}"
EndProject
Project("{2150E333-8FDC-42A3-9474-1A3956D46DE8}") = "MSSqlManager", "MSSqlManager", "{38E4C581-D9B2-4555-9E26-E00D7F72374D}"
EndProject
Project("{F184B08F-C81C-45F6-A57F-5ABD9991F28F}") = "MSSqlManager", "MSSqlManager\MSSqlManager.vbproj", "{EAC32CEB-1393-4F95-872E-3E7DE1D2C7C3}"
EndProject
Project("{2150E333-8FDC-42A3-9474-1A3956D46DE8}") = "MSAccessServer", "MSAccessServer", "{CCF2BDFC-78C0-45DB-8590-2483CF06ED8F}"
EndProject
Project("{F184B08F-C81C-45F6-A57F-5ABD9991F28F}") = "MSAccessServer", "MSAccessServer\MSAccessServer.vbproj", "{39D787B8-1099-471E-9A9E-BA0C24328DAF}"
EndProject
Project("{2150E333-8FDC-42A3-9474-1A3956D46DE8}") = "Wizards", "Wizards", "{38C5DFC3-9914-4B2E-ADC7-34FF02B1093F}"
EndProject
Project("{F184B08F-C81C-45F6-A57F-5ABD9991F28F}") = "ManageWizard", "ManageWizard\ManageWizard.vbproj", "{F728C6B2-7785-43DA-A230-2B9FA218BD3B}"
EndProject
Global
	GlobalSection(SolutionConfigurationPlatforms) = preSolution
		Debug|Any CPU = Debug|Any CPU
		Release|Any CPU = Release|Any CPU
	EndGlobalSection
	GlobalSection(ProjectConfigurationPlatforms) = postSolution
		{7ED54A54-381B-460C-8EE5-0D3B9A1030BA}.Debug|Any CPU.ActiveCfg = Debug|Any CPU
		{7ED54A54-381B-460C-8EE5-0D3B9A1030BA}.Debug|Any CPU.Build.0 = Debug|Any CPU
		{7ED54A54-381B-460C-8EE5-0D3B9A1030BA}.Release|Any CPU.ActiveCfg = Release|Any CPU
		{7ED54A54-381B-460C-8EE5-0D3B9A1030BA}.Release|Any CPU.Build.0 = Release|Any CPU
		{85128DA1-B67C-428F-A3C0-6C17D3CF65F5}.Debug|Any CPU.ActiveCfg = Debug|Any CPU
		{85128DA1-B67C-428F-A3C0-6C17D3CF65F5}.Debug|Any CPU.Build.0 = Debug|Any CPU
		{85128DA1-B67C-428F-A3C0-6C17D3CF65F5}.Release|Any CPU.ActiveCfg = Release|Any CPU
		{85128DA1-B67C-428F-A3C0-6C17D3CF65F5}.Release|Any CPU.Build.0 = Release|Any CPU
		{04774724-6A42-46C8-A633-24E8EF371D3D}.Debug|Any CPU.ActiveCfg = Debug|Any CPU
		{04774724-6A42-46C8-A633-24E8EF371D3D}.Debug|Any CPU.Build.0 = Debug|Any CPU
		{04774724-6A42-46C8-A633-24E8EF371D3D}.Release|Any CPU.ActiveCfg = Release|Any CPU
		{04774724-6A42-46C8-A633-24E8EF371D3D}.Release|Any CPU.Build.0 = Release|Any CPU
		{E9FB3787-6BFB-4545-90F7-9FD35BC0C768}.Debug|Any CPU.ActiveCfg = Debug|Any CPU
		{E9FB3787-6BFB-4545-90F7-9FD35BC0C768}.Debug|Any CPU.Build.0 = Debug|Any CPU
		{E9FB3787-6BFB-4545-90F7-9FD35BC0C768}.Release|Any CPU.ActiveCfg = Release|Any CPU
		{E9FB3787-6BFB-4545-90F7-9FD35BC0C768}.Release|Any CPU.Build.0 = Release|Any CPU
		{EAC32CEB-1393-4F95-872E-3E7DE1D2C7C3}.Debug|Any CPU.ActiveCfg = Debug|Any CPU
		{EAC32CEB-1393-4F95-872E-3E7DE1D2C7C3}.Debug|Any CPU.Build.0 = Debug|Any CPU
		{EAC32CEB-1393-4F95-872E-3E7DE1D2C7C3}.Release|Any CPU.ActiveCfg = Release|Any CPU
		{EAC32CEB-1393-4F95-872E-3E7DE1D2C7C3}.Release|Any CPU.Build.0 = Release|Any CPU
		{39D787B8-1099-471E-9A9E-BA0C24328DAF}.Debug|Any CPU.ActiveCfg = Debug|Any CPU
		{39D787B8-1099-471E-9A9E-BA0C24328DAF}.Debug|Any CPU.Build.0 = Debug|Any CPU
		{39D787B8-1099-471E-9A9E-BA0C24328DAF}.Release|Any CPU.ActiveCfg = Release|Any CPU
		{39D787B8-1099-471E-9A9E-BA0C24328DAF}.Release|Any CPU.Build.0 = Release|Any CPU
		{F728C6B2-7785-43DA-A230-2B9FA218BD3B}.Debug|Any CPU.ActiveCfg = Debug|Any CPU
		{F728C6B2-7785-43DA-A230-2B9FA218BD3B}.Debug|Any CPU.Build.0 = Debug|Any CPU
		{F728C6B2-7785-43DA-A230-2B9FA218BD3B}.Release|Any CPU.ActiveCfg = Release|Any CPU
		{F728C6B2-7785-43DA-A230-2B9FA218BD3B}.Release|Any CPU.Build.0 = Release|Any CPU
	EndGlobalSection
	GlobalSection(SolutionProperties) = preSolution
		HideSolutionNode = FALSE
	EndGlobalSection
	GlobalSection(NestedProjects) = preSolution
		{7ED54A54-381B-460C-8EE5-0D3B9A1030BA} = {DFC67C57-9546-4407-882C-3F90BEE8A161}
		{85128DA1-B67C-428F-A3C0-6C17D3CF65F5} = {DFC67C57-9546-4407-882C-3F90BEE8A161}
		{04774724-6A42-46C8-A633-24E8EF371D3D} = {E4EF3B9A-1DF2-484B-BB89-B27CF93707FD}
		{E9FB3787-6BFB-4545-90F7-9FD35BC0C768} = {1FE6A12D-F28E-4DFB-A327-491C0F21C8C8}
		{EAC32CEB-1393-4F95-872E-3E7DE1D2C7C3} = {38E4C581-D9B2-4555-9E26-E00D7F72374D}
		{39D787B8-1099-471E-9A9E-BA0C24328DAF} = {CCF2BDFC-78C0-45DB-8590-2483CF06ED8F}
		{F728C6B2-7785-43DA-A230-2B9FA218BD3B} = {38C5DFC3-9914-4B2E-ADC7-34FF02B1093F}
	EndGlobalSection
EndGlobal
